{
  "name": "antigravity-booster",
  "version": "0.2.0",
  "lockfileVersion": 3,
  "requires": true,
  "packages": {
    "": {
      "name": "antigravity-booster",
      "version": "0.2.0",
      "license": "MIT",
      "dependencies": {
        "@adlc/core": "file:../adlc/packages/core"
      },
      "bin": {
        "agb": "bin/agb.mjs"
      },
      "engines": {
        "node": ">=18"
      }
    },
    "../adlc/packages/core": {
      "name": "@adlc/core",
      "version": "1.0.2",
      "license": "MIT",
      "engines": {
        "node": ">=18"
      }
    },
    "node_modules/@adlc/core": {
      "resolved": "../adlc/packages/core",
      "link": true
    }
  }
}
