{
  "name": "antigravity-booster",
  "version": "0.4.1",
  "lockfileVersion": 3,
  "requires": true,
  "packages": {
    "": {
      "name": "antigravity-booster",
      "version": "0.4.1",
      "license": "MIT",
      "dependencies": {
        "@adlc/antigravity": "^1.4.1",
        "@adlc/core": "^1.4.1"
      },
      "bin": {
        "agb": "bin/agb.mjs"
      },
      "engines": {
        "node": ">=18"
      }
    },
    "node_modules/@adlc/antigravity": {
      "version": "1.4.1",
      "resolved": "https://registry.npmjs.org/@adlc/antigravity/-/antigravity-1.4.1.tgz",
      "integrity": "sha512-y2wRgRTywRunPk0xL1cJhfs+pxFbDdzoiveRQrsUrnGiuYnIMTvmq/gTLzLjlp3EBCzI6cjVDIzg7LEDo2ogYA==",
      "license": "MIT"
    },
    "node_modules/@adlc/core": {
      "version": "1.4.1",
      "resolved": "https://registry.npmjs.org/@adlc/core/-/core-1.4.1.tgz",
      "integrity": "sha512-K85/im8VssuNuOqFje4tErycK/gFQcevjt7fc4HptysJN5I8dA4LOkdXwVauBSIhVi88/dZpUOyFtw6ah7xQig==",
      "license": "MIT",
      "dependencies": {
        "@adlc/tickets": "1.4.1"
      },
      "engines": {
        "node": ">=18"
      }
    },
    "node_modules/@adlc/tickets": {
      "version": "1.4.1",
      "resolved": "https://registry.npmjs.org/@adlc/tickets/-/tickets-1.4.1.tgz",
      "integrity": "sha512-tXvp6Ykq468Obo+mZ7Pl+DD5NrodA+ir6ujSclG/jaiP/NcO+VUoBruLuydWcs6N+TiEydjWKr2ygNmTjumXUQ==",
      "license": "MIT",
      "bin": {
        "adlc-tickets": "bin/adlc-tickets.mjs"
      },
      "engines": {
        "node": ">=18"
      }
    }
  }
}
