{
  "name": "antigravity-booster",
  "version": "0.7.0",
  "lockfileVersion": 3,
  "requires": true,
  "packages": {
    "": {
      "name": "antigravity-booster",
      "version": "0.7.0",
      "license": "MIT",
      "dependencies": {
        "@adlc/antigravity": "^1.6.0",
        "@adlc/core": "^1.6.0"
      },
      "bin": {
        "agb": "bin/agb.mjs"
      },
      "engines": {
        "node": ">=22.19.0"
      }
    },
    "node_modules/@adlc/antigravity": {
      "version": "1.6.0",
      "resolved": "https://registry.npmjs.org/@adlc/antigravity/-/antigravity-1.6.0.tgz",
      "integrity": "sha512-TgxSJaZXfZp7j1D513hyiUpuOco6wbTQBeeIonX2ZukPD1IgFTKzEMhxv4JeC5lzpIwRps6n5+XzovIvBCetbQ==",
      "license": "MIT"
    },
    "node_modules/@adlc/core": {
      "version": "1.6.0",
      "resolved": "https://registry.npmjs.org/@adlc/core/-/core-1.6.0.tgz",
      "integrity": "sha512-bZYRpa5HXdJvGYk28ANcf9a+kL52KiDclp/SNmMlNxZBgIvQ408Lsp8w70JVvUywFSLXAxOscPGdNf61gVrzig==",
      "license": "MIT",
      "dependencies": {
        "@adlc/tickets": "1.6.0"
      },
      "engines": {
        "node": ">=18"
      }
    },
    "node_modules/@adlc/tickets": {
      "version": "1.6.0",
      "resolved": "https://registry.npmjs.org/@adlc/tickets/-/tickets-1.6.0.tgz",
      "integrity": "sha512-Cv8s0/pbS9FBG9lx+KIUal0JnG5vs+R34vYq/8n5CBhSPfkqNvMyW1JefU1BFNQSgctzLYaFd50zzKMp6jsyGg==",
      "license": "MIT",
      "bin": {
        "adlc-tickets": "bin/adlc-tickets.mjs"
      },
      "engines": {
        "node": ">=18"
      }
    }
  }
}
